
Microsoft Visual Studio Solution File, Format Version 12.00
# Visual Studio Version 16
VisualStudioVersion = 16.0.29920.165
MinimumVisualStudioVersion = 10.0.40219.1
Project("{FAE04EC0-301F-11D3-BF4B-00C04F79EFBC}") = "Вот ЗМЕЙ", "Вот ЗМЕЙ\Вот ЗМЕЙ.csproj", "{44D7D071-8317-40DC-A175-ED5642CCF93D}"
EndProject
Global
	GlobalSection(SolutionConfigurationPlatforms) = preSolution
		Debug|Any CPU = Debug|Any CPU
		Release|Any CPU = Release|Any CPU
	EndGlobalSection
	GlobalSection(ProjectConfigurationPlatforms) = postSolution
		{44D7D071-8317-40DC-A175-ED5642CCF93D}.Debug|Any CPU.ActiveCfg = Debug|Any CPU
		{44D7D071-8317-40DC-A175-ED5642CCF93D}.Debug|Any CPU.Build.0 = Debug|Any CPU
		{44D7D071-8317-40DC-A175-ED5642CCF93D}.Release|Any CPU.ActiveCfg = Release|Any CPU
		{44D7D071-8317-40DC-A175-ED5642CCF93D}.Release|Any CPU.Build.0 = Release|Any CPU
	EndGlobalSection
	GlobalSection(SolutionProperties) = preSolution
		HideSolutionNode = FALSE
	EndGlobalSection
	GlobalSection(ExtensibilityGlobals) = postSolution
		SolutionGuid = {7FD373EE-92D5-491C-8464-39B487F41C80}
	EndGlobalSection
EndGlobal
