
Microsoft Visual Studio Solution File, Format Version 12.00
# Visual Studio Version 16
VisualStudioVersion = 16.0.29920.165
MinimumVisualStudioVersion = 10.0.40219.1
Project("{FAE04EC0-301F-11D3-BF4B-00C04F79EFBC}") = "Проверка релиза", "Проверка релиза\Проверка релиза.csproj", "{1BB734CF-C3B3-4604-A6C9-A12B84D59369}"
EndProject
Global
	GlobalSection(SolutionConfigurationPlatforms) = preSolution
		Debug|Any CPU = Debug|Any CPU
		Release|Any CPU = Release|Any CPU
	EndGlobalSection
	GlobalSection(ProjectConfigurationPlatforms) = postSolution
		{1BB734CF-C3B3-4604-A6C9-A12B84D59369}.Debug|Any CPU.ActiveCfg = Debug|Any CPU
		{1BB734CF-C3B3-4604-A6C9-A12B84D59369}.Debug|Any CPU.Build.0 = Debug|Any CPU
		{1BB734CF-C3B3-4604-A6C9-A12B84D59369}.Release|Any CPU.ActiveCfg = Release|Any CPU
		{1BB734CF-C3B3-4604-A6C9-A12B84D59369}.Release|Any CPU.Build.0 = Release|Any CPU
	EndGlobalSection
	GlobalSection(SolutionProperties) = preSolution
		HideSolutionNode = FALSE
	EndGlobalSection
	GlobalSection(ExtensibilityGlobals) = postSolution
		SolutionGuid = {AB97464C-D1D0-4D58-95CC-7AA504505AA5}
	EndGlobalSection
EndGlobal
