
Microsoft Visual Studio Solution File, Format Version 12.00
# Visual Studio Version 16
VisualStudioVersion = 16.0.29920.165
MinimumVisualStudioVersion = 10.0.40219.1
Project("{FAE04EC0-301F-11D3-BF4B-00C04F79EFBC}") = "Вот Змей рабочий", "Вот Змей рабочий\Вот Змей рабочий.csproj", "{15DEB15A-C95F-4785-9C99-1FAD65E96151}"
EndProject
Global
	GlobalSection(SolutionConfigurationPlatforms) = preSolution
		Debug|Any CPU = Debug|Any CPU
		Release|Any CPU = Release|Any CPU
	EndGlobalSection
	GlobalSection(ProjectConfigurationPlatforms) = postSolution
		{15DEB15A-C95F-4785-9C99-1FAD65E96151}.Debug|Any CPU.ActiveCfg = Debug|Any CPU
		{15DEB15A-C95F-4785-9C99-1FAD65E96151}.Debug|Any CPU.Build.0 = Debug|Any CPU
		{15DEB15A-C95F-4785-9C99-1FAD65E96151}.Release|Any CPU.ActiveCfg = Release|Any CPU
		{15DEB15A-C95F-4785-9C99-1FAD65E96151}.Release|Any CPU.Build.0 = Release|Any CPU
	EndGlobalSection
	GlobalSection(SolutionProperties) = preSolution
		HideSolutionNode = FALSE
	EndGlobalSection
	GlobalSection(ExtensibilityGlobals) = postSolution
		SolutionGuid = {A67BCCFE-972A-45BF-AB1B-D5187259E596}
	EndGlobalSection
EndGlobal
